
Microsoft Visual Studio Solution File, Format Version 12.00
# Visual Studio Version 16
VisualStudioVersion = 16.0.29709.97
MinimumVisualStudioVersion = 10.0.40219.1
Project("{FAE04EC0-301F-11D3-BF4B-00C04F79EFBC}") = "Arduino_CSharp_Röle_Kontrol_Programı", "Arduino_CSharp_Röle_Kontrol_Programı\Arduino_CSharp_Röle_Kontrol_Programı.csproj", "{35702882-7DD6-4310-89F5-4208917039CB}"
EndProject
Global
	GlobalSection(SolutionConfigurationPlatforms) = preSolution
		Debug|Any CPU = Debug|Any CPU
		Release|Any CPU = Release|Any CPU
	EndGlobalSection
	GlobalSection(ProjectConfigurationPlatforms) = postSolution
		{35702882-7DD6-4310-89F5-4208917039CB}.Debug|Any CPU.ActiveCfg = Debug|Any CPU
		{35702882-7DD6-4310-89F5-4208917039CB}.Debug|Any CPU.Build.0 = Debug|Any CPU
		{35702882-7DD6-4310-89F5-4208917039CB}.Release|Any CPU.ActiveCfg = Release|Any CPU
		{35702882-7DD6-4310-89F5-4208917039CB}.Release|Any CPU.Build.0 = Release|Any CPU
	EndGlobalSection
	GlobalSection(SolutionProperties) = preSolution
		HideSolutionNode = FALSE
	EndGlobalSection
	GlobalSection(ExtensibilityGlobals) = postSolution
		SolutionGuid = {41427501-878B-4F4D-BEF0-5327D38D7581}
	EndGlobalSection
EndGlobal
